
Microsoft Visual Studio Solution File, Format Version 12.00
# Visual Studio Version 16
VisualStudioVersion = 16.0.29613.14
MinimumVisualStudioVersion = 10.0.40219.1
Project("{9A19103F-16F7-4668-BE54-9A1E7A4F7556}") = "KafkaWorker", "KafkaWorker\KafkaWorker.csproj", "{F2720F4A-6C0D-41BB-85A9-D401AC676D0E}"
EndProject
Project("{FAE04EC0-301F-11D3-BF4B-00C04F79EFBC}") = "KafkaProducer", "KafkaProducer\KafkaProducer.csproj", "{17F23FE7-F653-4BFA-B09E-18E19C0F5EBB}"
EndProject
Global
	GlobalSection(SolutionConfigurationPlatforms) = preSolution
		Debug|Any CPU = Debug|Any CPU
		Release|Any CPU = Release|Any CPU
	EndGlobalSection
	GlobalSection(ProjectConfigurationPlatforms) = postSolution
		{F2720F4A-6C0D-41BB-85A9-D401AC676D0E}.Debug|Any CPU.ActiveCfg = Debug|Any CPU
		{F2720F4A-6C0D-41BB-85A9-D401AC676D0E}.Debug|Any CPU.Build.0 = Debug|Any CPU
		{F2720F4A-6C0D-41BB-85A9-D401AC676D0E}.Release|Any CPU.ActiveCfg = Release|Any CPU
		{F2720F4A-6C0D-41BB-85A9-D401AC676D0E}.Release|Any CPU.Build.0 = Release|Any CPU
		{17F23FE7-F653-4BFA-B09E-18E19C0F5EBB}.Debug|Any CPU.ActiveCfg = Debug|Any CPU
		{17F23FE7-F653-4BFA-B09E-18E19C0F5EBB}.Debug|Any CPU.Build.0 = Debug|Any CPU
		{17F23FE7-F653-4BFA-B09E-18E19C0F5EBB}.Release|Any CPU.ActiveCfg = Release|Any CPU
		{17F23FE7-F653-4BFA-B09E-18E19C0F5EBB}.Release|Any CPU.Build.0 = Release|Any CPU
	EndGlobalSection
	GlobalSection(SolutionProperties) = preSolution
		HideSolutionNode = FALSE
	EndGlobalSection
	GlobalSection(ExtensibilityGlobals) = postSolution
		SolutionGuid = {E1AAAA2C-4D93-436F-BA0C-B87C90E98A87}
	EndGlobalSection
EndGlobal
